
Microsoft Visual Studio Solution File, Format Version 12.00
# Visual Studio Version 17
VisualStudioVersion = 17.4.33110.190
MinimumVisualStudioVersion = 10.0.40219.1
Project("{9A19103F-16F7-4668-BE54-9A1E7A4F7556}") = "Health.UI", "Health.UI.csproj", "{3B82383E-F4E3-4807-BF02-E3640E304F49}"
EndProject
Project("{9A19103F-16F7-4668-BE54-9A1E7A4F7556}") = "SharedComponent", "..\SharedComponent\SharedComponent.csproj", "{A83FCE35-7B4F-414E-8526-73AE1FB1DDBB}"
EndProject
Global
	GlobalSection(SolutionConfigurationPlatforms) = preSolution
		Debug|Any CPU = Debug|Any CPU
		Release|Any CPU = Release|Any CPU
	EndGlobalSection
	GlobalSection(ProjectConfigurationPlatforms) = postSolution
		{3B82383E-F4E3-4807-BF02-E3640E304F49}.Debug|Any CPU.ActiveCfg = Debug|Any CPU
		{3B82383E-F4E3-4807-BF02-E3640E304F49}.Debug|Any CPU.Build.0 = Debug|Any CPU
		{3B82383E-F4E3-4807-BF02-E3640E304F49}.Release|Any CPU.ActiveCfg = Release|Any CPU
		{3B82383E-F4E3-4807-BF02-E3640E304F49}.Release|Any CPU.Build.0 = Release|Any CPU
		{A83FCE35-7B4F-414E-8526-73AE1FB1DDBB}.Debug|Any CPU.ActiveCfg = Debug|Any CPU
		{A83FCE35-7B4F-414E-8526-73AE1FB1DDBB}.Debug|Any CPU.Build.0 = Debug|Any CPU
		{A83FCE35-7B4F-414E-8526-73AE1FB1DDBB}.Release|Any CPU.ActiveCfg = Release|Any CPU
		{A83FCE35-7B4F-414E-8526-73AE1FB1DDBB}.Release|Any CPU.Build.0 = Release|Any CPU
	EndGlobalSection
	GlobalSection(SolutionProperties) = preSolution
		HideSolutionNode = FALSE
	EndGlobalSection
	GlobalSection(ExtensibilityGlobals) = postSolution
		SolutionGuid = {E3B2F620-3B12-4AB5-96AA-748170E0DC23}
	EndGlobalSection
EndGlobal
